
Microsoft Visual Studio Solution File, Format Version 12.00
# Visual Studio Version 17
VisualStudioVersion = 17.1.32228.430
MinimumVisualStudioVersion = 10.0.40219.1
Project("{FAE04EC0-301F-11D3-BF4B-00C04F79EFBC}") = "ConsultorioSolidario", "ConsultorioSolidario.csproj", "{CEE2D880-F175-4D51-9213-59AAAEED9FBE}"
EndProject
Global
	GlobalSection(SolutionConfigurationPlatforms) = preSolution
		Debug|Any CPU = Debug|Any CPU
		Release|Any CPU = Release|Any CPU
	EndGlobalSection
	GlobalSection(ProjectConfigurationPlatforms) = postSolution
		{CEE2D880-F175-4D51-9213-59AAAEED9FBE}.Debug|Any CPU.ActiveCfg = Debug|Any CPU
		{CEE2D880-F175-4D51-9213-59AAAEED9FBE}.Debug|Any CPU.Build.0 = Debug|Any CPU
		{CEE2D880-F175-4D51-9213-59AAAEED9FBE}.Release|Any CPU.ActiveCfg = Release|Any CPU
		{CEE2D880-F175-4D51-9213-59AAAEED9FBE}.Release|Any CPU.Build.0 = Release|Any CPU
	EndGlobalSection
	GlobalSection(SolutionProperties) = preSolution
		HideSolutionNode = FALSE
	EndGlobalSection
	GlobalSection(ExtensibilityGlobals) = postSolution
		SolutionGuid = {9B32033A-2A56-44E7-9A3B-EC21C47C6F84}
	EndGlobalSection
EndGlobal
